<?xml version="1.0" encoding="utf-8"?>
<Project ToolsVersion="4.0" xmlns="http://schemas.microsoft.com/developer/msbuild/2003">
  <ItemGroup>
    <ClCompile Include="main.cpp">
      <Filter>源文件</Filter>
    </ClCompile>
  </ItemGroup>
  <ItemGroup>
    <None Include="TestCase6031.vcxproj.filters" />
    <None Include="NetworkEnv.cfg">
      <Filter>资源文件</Filter>
    </None>
  </ItemGroup>
  <ItemGroup>
    <Filter Include="头文件">
      <UniqueIdentifier>{cb976e8f-cc4d-47ec-a016-9a5a9b5d73e1}</UniqueIdentifier>
    </Filter>
    <Filter Include="源文件">
      <UniqueIdentifier>{c39a9a68-2282-4109-99a2-2f751c1870d9}</UniqueIdentifier>
    </Filter>
    <Filter Include="资源文件">
      <UniqueIdentifier>{2bd872e3-99dd-4f97-b1dd-7daa206451ac}</UniqueIdentifier>
    </Filter>
  </ItemGroup>
</Project>