<?xml version="1.0" encoding="utf-8"?>
<Project ToolsVersion="4.0" xmlns="http://schemas.microsoft.com/developer/msbuild/2003">
  <ItemGroup>
    <Filter Include="Header Files">
      <UniqueIdentifier>{93995380-89BD-4b04-88EB-625FBE52EBFB}</UniqueIdentifier>
      <Extensions>h;hpp;hxx;hm;inl;inc;xsd</Extensions>
    </Filter>
    <Filter Include="Source Files">
      <UniqueIdentifier>{67DA6AB6-F800-4c08-8B7A-83BB121AAD01}</UniqueIdentifier>
      <Extensions>rc;ico;cur;bmp;dlg;rc2;rct;bin;rgs;gif;jpg;jpeg;jpe;resx;tiff;tif;png;wav;mfcribbon-ms</Extensions>
    </Filter>
  </ItemGroup>
  <ItemGroup>
    <ClInclude Include="ClientPhysicalNode.h">
      <Filter>Header Files</Filter>
    </ClInclude>
    <ClInclude Include="ServerPhysicalNode.h">
      <Filter>Header Files</Filter>
    </ClInclude>
    <ClInclude Include="MessageBase.h">
      <Filter>Header Files</Filter>
    </ClInclude>
    <ClInclude Include="RegisterMessage.h">
      <Filter>Header Files</Filter>
    </ClInclude>
    <ClInclude Include="TopologyCommon.h">
      <Filter>Header Files</Filter>
    </ClInclude>
    <ClInclude Include="RegisterReplyMessage.h">
      <Filter>Header Files</Filter>
    </ClInclude>
    <ClInclude Include="ManageClientConnectionThread.h">
      <Filter>Header Files</Filter>
    </ClInclude>
    <ClInclude Include="KeepAliveMessage.h">
      <Filter>Header Files</Filter>
    </ClInclude>
    <ClInclude Include="RegisterThread.h">
      <Filter>Header Files</Filter>
    </ClInclude>
    <ClInclude Include="CSNetworkTopologyMessagePool.h">
      <Filter>Header Files</Filter>
    </ClInclude>
    <ClInclude Include="CSNetworkTopologyInterface.h">
      <Filter>Header Files</Filter>
    </ClInclude>
    <ClInclude Include="CSNTMessageHandleThread.h">
      <Filter>Header Files</Filter>
    </ClInclude>
    <ClInclude Include="CSNetworkTopologyExport.h">
      <Filter>Header Files</Filter>
    </ClInclude>
    <ClInclude Include="MasterInfoConfig.h">
      <Filter>Header Files</Filter>
    </ClInclude>
    <ClInclude Include="KeepAliveReplyMessage.h">
      <Filter>Header Files</Filter>
    </ClInclude>
    <ClInclude Include="ConfirmConnectedThread.h">
      <Filter>Header Files</Filter>
    </ClInclude>
    <ClInclude Include="BaseManageTCPConnection.h">
      <Filter>Header Files</Filter>
    </ClInclude>
    <ClInclude Include="ConnectionUpdateInfo.h">
      <Filter>Header Files</Filter>
    </ClInclude>
    <ClInclude Include="TimingSendPacketThread.h">
      <Filter>Header Files</Filter>
    </ClInclude>
    <ClInclude Include="NetworkAutoSelect.h">
      <Filter>Header Files</Filter>
    </ClInclude>
  </ItemGroup>
  <ItemGroup>
    <ClCompile Include="ClientPhysicalNode.cpp">
      <Filter>Source Files</Filter>
    </ClCompile>
    <ClCompile Include="ServerPhysicalNode.cpp">
      <Filter>Source Files</Filter>
    </ClCompile>
    <ClCompile Include="MessageBase.cpp">
      <Filter>Source Files</Filter>
    </ClCompile>
    <ClCompile Include="RegisterMessage.cpp">
      <Filter>Source Files</Filter>
    </ClCompile>
    <ClCompile Include="RegisterReplyMessage.cpp">
      <Filter>Source Files</Filter>
    </ClCompile>
    <ClCompile Include="KeepAliveMessage.cpp">
      <Filter>Source Files</Filter>
    </ClCompile>
    <ClCompile Include="RegisterThread.cpp">
      <Filter>Source Files</Filter>
    </ClCompile>
    <ClCompile Include="ManageClientConnectionThread.cpp">
      <Filter>Source Files</Filter>
    </ClCompile>
    <ClCompile Include="CSNetworkTopologyMessagePool.cpp">
      <Filter>Source Files</Filter>
    </ClCompile>
    <ClCompile Include="CSNetworkTopologyInterface.cpp">
      <Filter>Source Files</Filter>
    </ClCompile>
    <ClCompile Include="CSNTMessageHandleThread.cpp">
      <Filter>Source Files</Filter>
    </ClCompile>
    <ClCompile Include="KeepAliveReplyMessage.cpp">
      <Filter>Source Files</Filter>
    </ClCompile>
    <ClCompile Include="ConfirmConnectedThread.cpp">
      <Filter>Source Files</Filter>
    </ClCompile>
    <ClCompile Include="ConnectionUpdateInfo.cpp">
      <Filter>Source Files</Filter>
    </ClCompile>
    <ClCompile Include="MasterInfoConfig.cpp">
      <Filter>Source Files</Filter>
    </ClCompile>
    <ClCompile Include="TimingSendPacketThread.cpp">
      <Filter>Source Files</Filter>
    </ClCompile>
    <ClCompile Include="NetworkAutoSelect.cpp">
      <Filter>Source Files</Filter>
    </ClCompile>
  </ItemGroup>
</Project>